// !$*UTF8*$!
{
	archiveVersion = 1;
	classes = {
	};
	objectVersion = 46;
	objects = {

/* Begin PBXBuildFile section */
		D70EC2441BAAC8F000A1EC26 /* bg_topview_topback_a.png in Resources */ = {isa = PBXBuildFile; fileRef = D70EC2251BAAC8F000A1EC26 /* bg_topview_topback_a.png */; };
		D70EC2451BAAC8F000A1EC26 /* btn_home_setting_a@2x.png in Resources */ = {isa = PBXBuildFile; fileRef = D70EC2261BAAC8F000A1EC26 /* btn_home_setting_a@2x.png */; };
		D70EC2461BAAC8F000A1EC26 /* btn_home_setting_a@3x.png in Resources */ = {isa = PBXBuildFile; fileRef = D70EC2271BAAC8F000A1EC26 /* btn_home_setting_a@3x.png */; };
		D70EC2471BAAC8F000A1EC26 /* home_block_blue_a@2x.png in Resources */ = {isa = PBXBuildFile; fileRef = D70EC2281BAAC8F000A1EC26 /* home_block_blue_a@2x.png */; };
		D70EC2481BAAC8F000A1EC26 /* home_block_blue_a@3x.png in Resources */ = {isa = PBXBuildFile; fileRef = D70EC2291BAAC8F000A1EC26 /* home_block_blue_a@3x.png */; };
		D70EC2491BAAC8F000A1EC26 /* home_block_frame@2x.png in Resources */ = {isa = PBXBuildFile; fileRef = D70EC22A1BAAC8F000A1EC26 /* home_block_frame@2x.png */; };
		D70EC24A1BAAC8F000A1EC26 /* home_block_frame@3x.png in Resources */ = {isa = PBXBuildFile; fileRef = D70EC22B1BAAC8F000A1EC26 /* home_block_frame@3x.png */; };
		D70EC24B1BAAC8F000A1EC26 /* home_block_green_a@2x.png in Resources */ = {isa = PBXBuildFile; fileRef = D70EC22C1BAAC8F000A1EC26 /* home_block_green_a@2x.png */; };
		D70EC24C1BAAC8F000A1EC26 /* home_block_green_a@3x.png in Resources */ = {isa = PBXBuildFile; fileRef = D70EC22D1BAAC8F000A1EC26 /* home_block_green_a@3x.png */; };
		D70EC24D1BAAC8F000A1EC26 /* home_block_mask@2x.png in Resources */ = {isa = PBXBuildFile; fileRef = D70EC22E1BAAC8F000A1EC26 /* home_block_mask@2x.png */; };
		D70EC24E1BAAC8F000A1EC26 /* home_block_mask@3x.png in Resources */ = {isa = PBXBuildFile; fileRef = D70EC22F1BAAC8F000A1EC26 /* home_block_mask@3x.png */; };
		D70EC24F1BAAC8F000A1EC26 /* home_block_orange_a@2x.png in Resources */ = {isa = PBXBuildFile; fileRef = D70EC2301BAAC8F000A1EC26 /* home_block_orange_a@2x.png */; };
		D70EC2501BAAC8F000A1EC26 /* home_block_orange_a@3x.png in Resources */ = {isa = PBXBuildFile; fileRef = D70EC2311BAAC8F000A1EC26 /* home_block_orange_a@3x.png */; };
		D70EC2511BAAC8F000A1EC26 /* home_block_pink_a@2x.png in Resources */ = {isa = PBXBuildFile; fileRef = D70EC2321BAAC8F000A1EC26 /* home_block_pink_a@2x.png */; };
		D70EC2521BAAC8F000A1EC26 /* home_block_pink_a@3x.png in Resources */ = {isa = PBXBuildFile; fileRef = D70EC2331BAAC8F000A1EC26 /* home_block_pink_a@3x.png */; };
		D70EC2531BAAC8F000A1EC26 /* home_block_red_a@2x.png in Resources */ = {isa = PBXBuildFile; fileRef = D70EC2341BAAC8F000A1EC26 /* home_block_red_a@2x.png */; };
		D70EC2541BAAC8F000A1EC26 /* home_block_red_a@3x.png in Resources */ = {isa = PBXBuildFile; fileRef = D70EC2351BAAC8F000A1EC26 /* home_block_red_a@3x.png */; };
		D70EC2551BAAC8F000A1EC26 /* icon_app_bqgc@2x.png in Resources */ = {isa = PBXBuildFile; fileRef = D70EC2361BAAC8F000A1EC26 /* icon_app_bqgc@2x.png */; };
		D70EC2561BAAC8F000A1EC26 /* icon_app_bqgc@3x.png in Resources */ = {isa = PBXBuildFile; fileRef = D70EC2371BAAC8F000A1EC26 /* icon_app_bqgc@3x.png */; };
		D70EC2571BAAC8F000A1EC26 /* icon_app_hbgc@2x.png in Resources */ = {isa = PBXBuildFile; fileRef = D70EC2381BAAC8F000A1EC26 /* icon_app_hbgc@2x.png */; };
		D70EC2581BAAC8F000A1EC26 /* icon_app_hbgc@3x.png in Resources */ = {isa = PBXBuildFile; fileRef = D70EC2391BAAC8F000A1EC26 /* icon_app_hbgc@3x.png */; };
		D70EC2591BAAC8F000A1EC26 /* icon_app_miniApp@2x.png in Resources */ = {isa = PBXBuildFile; fileRef = D70EC23A1BAAC8F000A1EC26 /* icon_app_miniApp@2x.png */; };
		D70EC25A1BAAC8F000A1EC26 /* icon_app_miniApp@3x.png in Resources */ = {isa = PBXBuildFile; fileRef = D70EC23B1BAAC8F000A1EC26 /* icon_app_miniApp@3x.png */; };
		D70EC25B1BAAC8F000A1EC26 /* icon_app_mt9cut@2x.png in Resources */ = {isa = PBXBuildFile; fileRef = D70EC23C1BAAC8F000A1EC26 /* icon_app_mt9cut@2x.png */; };
		D70EC25C1BAAC8F000A1EC26 /* icon_app_mt9cut@3x.png in Resources */ = {isa = PBXBuildFile; fileRef = D70EC23D1BAAC8F000A1EC26 /* icon_app_mt9cut@3x.png */; };
		D70EC25D1BAAC8F000A1EC26 /* icon_app_mttt@2x.png in Resources */ = {isa = PBXBuildFile; fileRef = D70EC23E1BAAC8F000A1EC26 /* icon_app_mttt@2x.png */; };
		D70EC25E1BAAC8F000A1EC26 /* icon_app_mttt@3x.png in Resources */ = {isa = PBXBuildFile; fileRef = D70EC23F1BAAC8F000A1EC26 /* icon_app_mttt@3x.png */; };
		D70EC25F1BAAC8F000A1EC26 /* icon_app_pomelo@2x.png in Resources */ = {isa = PBXBuildFile; fileRef = D70EC2401BAAC8F000A1EC26 /* icon_app_pomelo@2x.png */; };
		D70EC2601BAAC8F000A1EC26 /* icon_app_pomelo@3x.png in Resources */ = {isa = PBXBuildFile; fileRef = D70EC2411BAAC8F000A1EC26 /* icon_app_pomelo@3x.png */; };
		D70EC2611BAAC8F000A1EC26 /* icon_blur_heart@2x.png in Resources */ = {isa = PBXBuildFile; fileRef = D70EC2421BAAC8F000A1EC26 /* icon_blur_heart@2x.png */; };
		D70EC2621BAAC8F000A1EC26 /* icon_blur_heart@3x.png in Resources */ = {isa = PBXBuildFile; fileRef = D70EC2431BAAC8F000A1EC26 /* icon_blur_heart@3x.png */; };
		D70EC2651BAACA2800A1EC26 /* FWFucView.m in Sources */ = {isa = PBXBuildFile; fileRef = D70EC2641BAACA2800A1EC26 /* FWFucView.m */; };
		D70EC27C1BAACFF400A1EC26 /* icon_help@2x.png in Resources */ = {isa = PBXBuildFile; fileRef = D70EC2661BAACFF400A1EC26 /* icon_help@2x.png */; };
		D70EC27D1BAACFF400A1EC26 /* icon_help@3x.png in Resources */ = {isa = PBXBuildFile; fileRef = D70EC2671BAACFF400A1EC26 /* icon_help@3x.png */; };
		D70EC27E1BAACFF400A1EC26 /* icon_home_beauty@2x.png in Resources */ = {isa = PBXBuildFile; fileRef = D70EC2681BAACFF400A1EC26 /* icon_home_beauty@2x.png */; };
		D70EC27F1BAACFF400A1EC26 /* icon_home_beauty@3x.png in Resources */ = {isa = PBXBuildFile; fileRef = D70EC2691BAACFF400A1EC26 /* icon_home_beauty@3x.png */; };
		D70EC2801BAACFF400A1EC26 /* icon_home_beautyPlus@2x.png in Resources */ = {isa = PBXBuildFile; fileRef = D70EC26A1BAACFF400A1EC26 /* icon_home_beautyPlus@2x.png */; };
		D70EC2811BAACFF400A1EC26 /* icon_home_beautyPlus@3x.png in Resources */ = {isa = PBXBuildFile; fileRef = D70EC26B1BAACFF400A1EC26 /* icon_home_beautyPlus@3x.png */; };
		D70EC2821BAACFF400A1EC26 /* icon_home_camera@2x.png in Resources */ = {isa = PBXBuildFile; fileRef = D70EC26C1BAACFF400A1EC26 /* icon_home_camera@2x.png */; };
		D70EC2831BAACFF400A1EC26 /* icon_home_camera@3x.png in Resources */ = {isa = PBXBuildFile; fileRef = D70EC26D1BAACFF400A1EC26 /* icon_home_camera@3x.png */; };
		D70EC2841BAACFF400A1EC26 /* icon_home_cosmesis@2x.png in Resources */ = {isa = PBXBuildFile; fileRef = D70EC26E1BAACFF400A1EC26 /* icon_home_cosmesis@2x.png */; };
		D70EC2851BAACFF400A1EC26 /* icon_home_cosmesis@3x.png in Resources */ = {isa = PBXBuildFile; fileRef = D70EC26F1BAACFF400A1EC26 /* icon_home_cosmesis@3x.png */; };
		D70EC2861BAACFF400A1EC26 /* icon_home_material@2x.png in Resources */ = {isa = PBXBuildFile; fileRef = D70EC2701BAACFF400A1EC26 /* icon_home_material@2x.png */; };
		D70EC2871BAACFF400A1EC26 /* icon_home_material@3x.png in Resources */ = {isa = PBXBuildFile; fileRef = D70EC2711BAACFF400A1EC26 /* icon_home_material@3x.png */; };
		D70EC2881BAACFF400A1EC26 /* icon_home_meipai@2x.png in Resources */ = {isa = PBXBuildFile; fileRef = D70EC2721BAACFF400A1EC26 /* icon_home_meipai@2x.png */; };
		D70EC2891BAACFF400A1EC26 /* icon_home_meipai@3x.png in Resources */ = {isa = PBXBuildFile; fileRef = D70EC2731BAACFF400A1EC26 /* icon_home_meipai@3x.png */; };
		D70EC28A1BAACFF400A1EC26 /* icon_home_meiyan@2x.png in Resources */ = {isa = PBXBuildFile; fileRef = D70EC2741BAACFF400A1EC26 /* icon_home_meiyan@2x.png */; };
		D70EC28B1BAACFF400A1EC26 /* icon_home_meiyan@3x.png in Resources */ = {isa = PBXBuildFile; fileRef = D70EC2751BAACFF400A1EC26 /* icon_home_meiyan@3x.png */; };
		D70EC28C1BAACFF400A1EC26 /* icon_home_moreapp@2x.png in Resources */ = {isa = PBXBuildFile; fileRef = D70EC2761BAACFF400A1EC26 /* icon_home_moreapp@2x.png */; };
		D70EC28D1BAACFF400A1EC26 /* icon_home_moreapp@3x.png in Resources */ = {isa = PBXBuildFile; fileRef = D70EC2771BAACFF400A1EC26 /* icon_home_moreapp@3x.png */; };
		D70EC28E1BAACFF400A1EC26 /* icon_home_puzzle@2x.png in Resources */ = {isa = PBXBuildFile; fileRef = D70EC2781BAACFF400A1EC26 /* icon_home_puzzle@2x.png */; };
		D70EC28F1BAACFF400A1EC26 /* icon_home_puzzle@3x.png in Resources */ = {isa = PBXBuildFile; fileRef = D70EC2791BAACFF400A1EC26 /* icon_home_puzzle@3x.png */; };
		D70EC2901BAACFF400A1EC26 /* icon_home_star@2x.png in Resources */ = {isa = PBXBuildFile; fileRef = D70EC27A1BAACFF400A1EC26 /* icon_home_star@2x.png */; };
		D70EC2911BAACFF400A1EC26 /* icon_home_star@3x.png in Resources */ = {isa = PBXBuildFile; fileRef = D70EC27B1BAACFF400A1EC26 /* icon_home_star@3x.png */; };
		D71751C01BA9480A004E9291 /* bg_default_view_mt-480.jpg in Resources */ = {isa = PBXBuildFile; fileRef = D71751A91BA9480A004E9291 /* bg_default_view_mt-480.jpg */; };
		D71751C11BA9480A004E9291 /* bg_default_view_mt-568.jpg in Resources */ = {isa = PBXBuildFile; fileRef = D71751AA1BA9480A004E9291 /* bg_default_view_mt-568.jpg */; };
		D71751C21BA9480A004E9291 /* bg_default_view_mt-667.jpg in Resources */ = {isa = PBXBuildFile; fileRef = D71751AB1BA9480A004E9291 /* bg_default_view_mt-667.jpg */; };
		D71751C31BA9480A004E9291 /* bg_default_view_mt-736.jpg in Resources */ = {isa = PBXBuildFile; fileRef = D71751AC1BA9480A004E9291 /* bg_default_view_mt-736.jpg */; };
		D71751C41BA9480A004E9291 /* bg_home_defaultRandom@2x.jpg in Resources */ = {isa = PBXBuildFile; fileRef = D71751AD1BA9480A004E9291 /* bg_home_defaultRandom@2x.jpg */; };
		D71751C51BA9480A004E9291 /* bg_home_defaultRandom@3x.jpg in Resources */ = {isa = PBXBuildFile; fileRef = D71751AE1BA9480A004E9291 /* bg_home_defaultRandom@3x.jpg */; };
		D71751C61BA9480A004E9291 /* bg_home@2x.jpg in Resources */ = {isa = PBXBuildFile; fileRef = D71751AF1BA9480A004E9291 /* bg_home@2x.jpg */; };
		D71751C71BA9480A004E9291 /* bg_home@3x.jpg in Resources */ = {isa = PBXBuildFile; fileRef = D71751B01BA9480A004E9291 /* bg_home@3x.jpg */; };
		D71751C81BA9480A004E9291 /* icon_share_beautity@2x.png in Resources */ = {isa = PBXBuildFile; fileRef = D71751B11BA9480A004E9291 /* icon_share_beautity@2x.png */; };
		D71751C91BA9480A004E9291 /* icon_share_beautity@3x.png in Resources */ = {isa = PBXBuildFile; fileRef = D71751B21BA9480A004E9291 /* icon_share_beautity@3x.png */; };
		D71751CA1BA9480A004E9291 /* icon_share_camera@2x.png in Resources */ = {isa = PBXBuildFile; fileRef = D71751B31BA9480A004E9291 /* icon_share_camera@2x.png */; };
		D71751CB1BA9480A004E9291 /* icon_share_camera@3x.png in Resources */ = {isa = PBXBuildFile; fileRef = D71751B41BA9480A004E9291 /* icon_share_camera@3x.png */; };
		D71751CC1BA9480A004E9291 /* icon_share_cosmesis@2x.png in Resources */ = {isa = PBXBuildFile; fileRef = D71751B51BA9480A004E9291 /* icon_share_cosmesis@2x.png */; };
		D71751CD1BA9480A004E9291 /* icon_share_cosmesis@3x.png in Resources */ = {isa = PBXBuildFile; fileRef = D71751B61BA9480A004E9291 /* icon_share_cosmesis@3x.png */; };
		D71751CE1BA9480A004E9291 /* left_arrow@2x.png in Resources */ = {isa = PBXBuildFile; fileRef = D71751B71BA9480A004E9291 /* left_arrow@2x.png */; };
		D71751CF1BA9480A004E9291 /* left_arrow@3x.png in Resources */ = {isa = PBXBuildFile; fileRef = D71751B81BA9480A004E9291 /* left_arrow@3x.png */; };
		D71751D01BA9480A004E9291 /* right_arrow_highlight@2x.png in Resources */ = {isa = PBXBuildFile; fileRef = D71751B91BA9480A004E9291 /* right_arrow_highlight@2x.png */; };
		D71751D11BA9480A004E9291 /* right_arrow_highlight@3x.png in Resources */ = {isa = PBXBuildFile; fileRef = D71751BA1BA9480A004E9291 /* right_arrow_highlight@3x.png */; };
		D71751D21BA9480A004E9291 /* right_arrow@2x.png in Resources */ = {isa = PBXBuildFile; fileRef = D71751BB1BA9480A004E9291 /* right_arrow@2x.png */; };
		D71751D31BA9480A004E9291 /* right_arrow@3x.png in Resources */ = {isa = PBXBuildFile; fileRef = D71751BC1BA9480A004E9291 /* right_arrow@3x.png */; };
		D71751D41BA9480A004E9291 /* setting_openAuthoried_AccessAlbum_ios7@2x.png in Resources */ = {isa = PBXBuildFile; fileRef = D71751BD1BA9480A004E9291 /* setting_openAuthoried_AccessAlbum_ios7@2x.png */; };
		D71751D51BA9480A004E9291 /* setting_openAuthoried_AccessAlbum_ios7@3x.png in Resources */ = {isa = PBXBuildFile; fileRef = D71751BE1BA9480A004E9291 /* setting_openAuthoried_AccessAlbum_ios7@3x.png */; };
		D71751D61BA9480A004E9291 /* setting_openAuthoried_AccessAlbum@2x.png in Resources */ = {isa = PBXBuildFile; fileRef = D71751BF1BA9480A004E9291 /* setting_openAuthoried_AccessAlbum@2x.png */; };
		D71E6F0B1BA88A2000BCC79C /* main.m in Sources */ = {isa = PBXBuildFile; fileRef = D71E6F0A1BA88A2000BCC79C /* main.m */; };
		D71E6F0E1BA88A2000BCC79C /* AppDelegate.m in Sources */ = {isa = PBXBuildFile; fileRef = D71E6F0D1BA88A2000BCC79C /* AppDelegate.m */; };
		D71E6F111BA88A2000BCC79C /* FWMeituApp.xcdatamodeld in Sources */ = {isa = PBXBuildFile; fileRef = D71E6F0F1BA88A2000BCC79C /* FWMeituApp.xcdatamodeld */; };
		D71E6F141BA88A2000BCC79C /* ViewController.m in Sources */ = {isa = PBXBuildFile; fileRef = D71E6F131BA88A2000BCC79C /* ViewController.m */; };
		D71E6F171BA88A2000BCC79C /* Main.storyboard in Resources */ = {isa = PBXBuildFile; fileRef = D71E6F151BA88A2000BCC79C /* Main.storyboard */; };
		D71E6F191BA88A2000BCC79C /* Images.xcassets in Resources */ = {isa = PBXBuildFile; fileRef = D71E6F181BA88A2000BCC79C /* Images.xcassets */; };
		D71E6F1C1BA88A2000BCC79C /* LaunchScreen.xib in Resources */ = {isa = PBXBuildFile; fileRef = D71E6F1A1BA88A2000BCC79C /* LaunchScreen.xib */; };
		D71E6F281BA88A2000BCC79C /* FWMeituAppTests.m in Sources */ = {isa = PBXBuildFile; fileRef = D71E6F271BA88A2000BCC79C /* FWMeituAppTests.m */; };
		D71E6F3C1BA88BCD00BCC79C /* AppIcon29x29.png in Resources */ = {isa = PBXBuildFile; fileRef = D71E6F331BA88BCD00BCC79C /* AppIcon29x29.png */; };
		D71E6F3D1BA88BCD00BCC79C /* AppIcon29x29@2x.png in Resources */ = {isa = PBXBuildFile; fileRef = D71E6F341BA88BCD00BCC79C /* AppIcon29x29@2x.png */; };
		D71E6F3E1BA88BCD00BCC79C /* AppIcon29x29@3x.png in Resources */ = {isa = PBXBuildFile; fileRef = D71E6F351BA88BCD00BCC79C /* AppIcon29x29@3x.png */; };
		D71E6F3F1BA88BCD00BCC79C /* AppIcon40x40@2x.png in Resources */ = {isa = PBXBuildFile; fileRef = D71E6F361BA88BCD00BCC79C /* AppIcon40x40@2x.png */; };
		D71E6F401BA88BCD00BCC79C /* AppIcon40x40@3x.png in Resources */ = {isa = PBXBuildFile; fileRef = D71E6F371BA88BCD00BCC79C /* AppIcon40x40@3x.png */; };
		D71E6F411BA88BCD00BCC79C /* AppIcon57x57.png in Resources */ = {isa = PBXBuildFile; fileRef = D71E6F381BA88BCD00BCC79C /* AppIcon57x57.png */; };
		D71E6F421BA88BCD00BCC79C /* AppIcon57x57@2x.png in Resources */ = {isa = PBXBuildFile; fileRef = D71E6F391BA88BCD00BCC79C /* AppIcon57x57@2x.png */; };
		D71E6F431BA88BCD00BCC79C /* AppIcon60x60@2x.png in Resources */ = {isa = PBXBuildFile; fileRef = D71E6F3A1BA88BCD00BCC79C /* AppIcon60x60@2x.png */; };
		D71E6F441BA88BCD00BCC79C /* AppIcon60x60@3x.png in Resources */ = {isa = PBXBuildFile; fileRef = D71E6F3B1BA88BCD00BCC79C /* AppIcon60x60@3x.png */; };
		D71E6F4A1BA88DD400BCC79C /* LaunchImage-700-568h@2x.png in Resources */ = {isa = PBXBuildFile; fileRef = D71E6F461BA88DD400BCC79C /* LaunchImage-700-568h@2x.png */; };
		D71E6F4B1BA88DD400BCC79C /* LaunchImage-700@2x.png in Resources */ = {isa = PBXBuildFile; fileRef = D71E6F471BA88DD400BCC79C /* LaunchImage-700@2x.png */; };
		D71E6F4C1BA88DD400BCC79C /* LaunchImage-800-667h@2x.png in Resources */ = {isa = PBXBuildFile; fileRef = D71E6F481BA88DD400BCC79C /* LaunchImage-800-667h@2x.png */; };
		D71E6F4D1BA88DD400BCC79C /* LaunchImage-800-Portrait-736h@3x.png in Resources */ = {isa = PBXBuildFile; fileRef = D71E6F491BA88DD400BCC79C /* LaunchImage-800-Portrait-736h@3x.png */; };
		D7C438DA1BABE9C6005317BE /* close.png in Resources */ = {isa = PBXBuildFile; fileRef = D7C438D71BABE9C6005317BE /* close.png */; };
		D7C438DB1BABE9C6005317BE /* icon_colours_flag@2x.png in Resources */ = {isa = PBXBuildFile; fileRef = D7C438D81BABE9C6005317BE /* icon_colours_flag@2x.png */; };
		D7C438DC1BABE9C6005317BE /* icon_colours_flag@3x.png in Resources */ = {isa = PBXBuildFile; fileRef = D7C438D91BABE9C6005317BE /* icon_colours_flag@3x.png */; };
		D7C438DF1BABECAA005317BE /* FWTopView.m in Sources */ = {isa = PBXBuildFile; fileRef = D7C438DE1BABECAA005317BE /* FWTopView.m */; };
		D7FC52E61BAB26F700275BD4 /* item_bg_purple_a@2x.png in Resources */ = {isa = PBXBuildFile; fileRef = D7FC52E51BAB26F700275BD4 /* item_bg_purple_a@2x.png */; };
/* End PBXBuildFile section */

/* Begin PBXContainerItemProxy section */
		D71E6F221BA88A2000BCC79C /* PBXContainerItemProxy */ = {
			isa = PBXContainerItemProxy;
			containerPortal = D71E6EFD1BA88A2000BCC79C /* Project object */;
			proxyType = 1;
			remoteGlobalIDString = D71E6F041BA88A2000BCC79C;
			remoteInfo = FWMeituApp;
		};
/* End PBXContainerItemProxy section */

/* Begin PBXFileReference section */
		D70EC2251BAAC8F000A1EC26 /* bg_topview_topback_a.png */ = {isa = PBXFileReference; lastKnownFileType = image.png; name = bg_topview_topback_a.png; path = Images/bg_topview_topback_a.png; sourceTree = "<group>"; };
		D70EC2261BAAC8F000A1EC26 /* btn_home_setting_a@2x.png */ = {isa = PBXFileReference; lastKnownFileType = image.png; name = "btn_home_setting_a@2x.png"; path = "Images/btn_home_setting_a@2x.png"; sourceTree = "<group>"; };
		D70EC2271BAAC8F000A1EC26 /* btn_home_setting_a@3x.png */ = {isa = PBXFileReference; lastKnownFileType = image.png; name = "btn_home_setting_a@3x.png"; path = "Images/btn_home_setting_a@3x.png"; sourceTree = "<group>"; };
		D70EC2281BAAC8F000A1EC26 /* home_block_blue_a@2x.png */ = {isa = PBXFileReference; lastKnownFileType = image.png; name = "home_block_blue_a@2x.png"; path = "Images/home_block_blue_a@2x.png"; sourceTree = "<group>"; };
		D70EC2291BAAC8F000A1EC26 /* home_block_blue_a@3x.png */ = {isa = PBXFileReference; lastKnownFileType = image.png; name = "home_block_blue_a@3x.png"; path = "Images/home_block_blue_a@3x.png"; sourceTree = "<group>"; };
		D70EC22A1BAAC8F000A1EC26 /* home_block_frame@2x.png */ = {isa = PBXFileReference; lastKnownFileType = image.png; name = "home_block_frame@2x.png"; path = "Images/home_block_frame@2x.png"; sourceTree = "<group>"; };
		D70EC22B1BAAC8F000A1EC26 /* home_block_frame@3x.png */ = {isa = PBXFileReference; lastKnownFileType = image.png; name = "home_block_frame@3x.png"; path = "Images/home_block_frame@3x.png"; sourceTree = "<group>"; };
		D70EC22C1BAAC8F000A1EC26 /* home_block_green_a@2x.png */ = {isa = PBXFileReference; lastKnownFileType = image.png; name = "home_block_green_a@2x.png"; path = "Images/home_block_green_a@2x.png"; sourceTree = "<group>"; };
		D70EC22D1BAAC8F000A1EC26 /* home_block_green_a@3x.png */ = {isa = PBXFileReference; lastKnownFileType = image.png; name = "home_block_green_a@3x.png"; path = "Images/home_block_green_a@3x.png"; sourceTree = "<group>"; };
		D70EC22E1BAAC8F000A1EC26 /* home_block_mask@2x.png */ = {isa = PBXFileReference; lastKnownFileType = image.png; name = "home_block_mask@2x.png"; path = "Images/home_block_mask@2x.png"; sourceTree = "<group>"; };
		D70EC22F1BAAC8F000A1EC26 /* home_block_mask@3x.png */ = {isa = PBXFileReference; lastKnownFileType = image.png; name = "home_block_mask@3x.png"; path = "Images/home_block_mask@3x.png"; sourceTree = "<group>"; };
		D70EC2301BAAC8F000A1EC26 /* home_block_orange_a@2x.png */ = {isa = PBXFileReference; lastKnownFileType = image.png; name = "home_block_orange_a@2x.png"; path = "Images/home_block_orange_a@2x.png"; sourceTree = "<group>"; };
		D70EC2311BAAC8F000A1EC26 /* home_block_orange_a@3x.png */ = {isa = PBXFileReference; lastKnownFileType = image.png; name = "home_block_orange_a@3x.png"; path = "Images/home_block_orange_a@3x.png"; sourceTree = "<group>"; };
		D70EC2321BAAC8F000A1EC26 /* home_block_pink_a@2x.png */ = {isa = PBXFileReference; lastKnownFileType = image.png; name = "home_block_pink_a@2x.png"; path = "Images/home_block_pink_a@2x.png"; sourceTree = "<group>"; };
		D70EC2331BAAC8F000A1EC26 /* home_block_pink_a@3x.png */ = {isa = PBXFileReference; lastKnownFileType = image.png; name = "home_block_pink_a@3x.png"; path = "Images/home_block_pink_a@3x.png"; sourceTree = "<group>"; };
		D70EC2341BAAC8F000A1EC26 /* home_block_red_a@2x.png */ = {isa = PBXFileReference; lastKnownFileType = image.png; name = "home_block_red_a@2x.png"; path = "Images/home_block_red_a@2x.png"; sourceTree = "<group>"; };
		D70EC2351BAAC8F000A1EC26 /* home_block_red_a@3x.png */ = {isa = PBXFileReference; lastKnownFileType = image.png; name = "home_block_red_a@3x.png"; path = "Images/home_block_red_a@3x.png"; sourceTree = "<group>"; };
		D70EC2361BAAC8F000A1EC26 /* icon_app_bqgc@2x.png */ = {isa = PBXFileReference; lastKnownFileType = image.png; name = "icon_app_bqgc@2x.png"; path = "Images/icon_app_bqgc@2x.png"; sourceTree = "<group>"; };
		D70EC2371BAAC8F000A1EC26 /* icon_app_bqgc@3x.png */ = {isa = PBXFileReference; lastKnownFileType = image.png; name = "icon_app_bqgc@3x.png"; path = "Images/icon_app_bqgc@3x.png"; sourceTree = "<group>"; };
		D70EC2381BAAC8F000A1EC26 /* icon_app_hbgc@2x.png */ = {isa = PBXFileReference; lastKnownFileType = image.png; name = "icon_app_hbgc@2x.png"; path = "Images/icon_app_hbgc@2x.png"; sourceTree = "<group>"; };
		D70EC2391BAAC8F000A1EC26 /* icon_app_hbgc@3x.png */ = {isa = PBXFileReference; lastKnownFileType = image.png; name = "icon_app_hbgc@3x.png"; path = "Images/icon_app_hbgc@3x.png"; sourceTree = "<group>"; };
		D70EC23A1BAAC8F000A1EC26 /* icon_app_miniApp@2x.png */ = {isa = PBXFileReference; lastKnownFileType = image.png; name = "icon_app_miniApp@2x.png"; path = "Images/icon_app_miniApp@2x.png"; sourceTree = "<group>"; };
		D70EC23B1BAAC8F000A1EC26 /* icon_app_miniApp@3x.png */ = {isa = PBXFileReference; lastKnownFileType = image.png; name = "icon_app_miniApp@3x.png"; path = "Images/icon_app_miniApp@3x.png"; sourceTree = "<group>"; };
		D70EC23C1BAAC8F000A1EC26 /* icon_app_mt9cut@2x.png */ = {isa = PBXFileReference; lastKnownFileType = image.png; name = "icon_app_mt9cut@2x.png"; path = "Images/icon_app_mt9cut@2x.png"; sourceTree = "<group>"; };
		D70EC23D1BAAC8F000A1EC26 /* icon_app_mt9cut@3x.png */ = {isa = PBXFileReference; lastKnownFileType = image.png; name = "icon_app_mt9cut@3x.png"; path = "Images/icon_app_mt9cut@3x.png"; sourceTree = "<group>"; };
		D70EC23E1BAAC8F000A1EC26 /* icon_app_mttt@2x.png */ = {isa = PBXFileReference; lastKnownFileType = image.png; name = "icon_app_mttt@2x.png"; path = "Images/icon_app_mttt@2x.png"; sourceTree = "<group>"; };
		D70EC23F1BAAC8F000A1EC26 /* icon_app_mttt@3x.png */ = {isa = PBXFileReference; lastKnownFileType = image.png; name = "icon_app_mttt@3x.png"; path = "Images/icon_app_mttt@3x.png"; sourceTree = "<group>"; };
		D70EC2401BAAC8F000A1EC26 /* icon_app_pomelo@2x.png */ = {isa = PBXFileReference; lastKnownFileType = image.png; name = "icon_app_pomelo@2x.png"; path = "Images/icon_app_pomelo@2x.png"; sourceTree = "<group>"; };
		D70EC2411BAAC8F000A1EC26 /* icon_app_pomelo@3x.png */ = {isa = PBXFileReference; lastKnownFileType = image.png; name = "icon_app_pomelo@3x.png"; path = "Images/icon_app_pomelo@3x.png"; sourceTree = "<group>"; };
		D70EC2421BAAC8F000A1EC26 /* icon_blur_heart@2x.png */ = {isa = PBXFileReference; lastKnownFileType = image.png; name = "icon_blur_heart@2x.png"; path = "Images/icon_blur_heart@2x.png"; sourceTree = "<group>"; };
		D70EC2431BAAC8F000A1EC26 /* icon_blur_heart@3x.png */ = {isa = PBXFileReference; lastKnownFileType = image.png; name = "icon_blur_heart@3x.png"; path = "Images/icon_blur_heart@3x.png"; sourceTree = "<group>"; };
		D70EC2631BAACA2800A1EC26 /* FWFucView.h */ = {isa = PBXFileReference; fileEncoding = 4; lastKnownFileType = sourcecode.c.h; name = FWFucView.h; path = Views/FWFucView.h; sourceTree = "<group>"; };
		D70EC2641BAACA2800A1EC26 /* FWFucView.m */ = {isa = PBXFileReference; fileEncoding = 4; lastKnownFileType = sourcecode.c.objc; name = FWFucView.m; path = Views/FWFucView.m; sourceTree = "<group>"; };
		D70EC2661BAACFF400A1EC26 /* icon_help@2x.png */ = {isa = PBXFileReference; lastKnownFileType = image.png; name = "icon_help@2x.png"; path = "Images/icon_help@2x.png"; sourceTree = "<group>"; };
		D70EC2671BAACFF400A1EC26 /* icon_help@3x.png */ = {isa = PBXFileReference; lastKnownFileType = image.png; name = "icon_help@3x.png"; path = "Images/icon_help@3x.png"; sourceTree = "<group>"; };
		D70EC2681BAACFF400A1EC26 /* icon_home_beauty@2x.png */ = {isa = PBXFileReference; lastKnownFileType = image.png; name = "icon_home_beauty@2x.png"; path = "Images/icon_home_beauty@2x.png"; sourceTree = "<group>"; };
		D70EC2691BAACFF400A1EC26 /* icon_home_beauty@3x.png */ = {isa = PBXFileReference; lastKnownFileType = image.png; name = "icon_home_beauty@3x.png"; path = "Images/icon_home_beauty@3x.png"; sourceTree = "<group>"; };
		D70EC26A1BAACFF400A1EC26 /* icon_home_beautyPlus@2x.png */ = {isa = PBXFileReference; lastKnownFileType = image.png; name = "icon_home_beautyPlus@2x.png"; path = "Images/icon_home_beautyPlus@2x.png"; sourceTree = "<group>"; };
		D70EC26B1BAACFF400A1EC26 /* icon_home_beautyPlus@3x.png */ = {isa = PBXFileReference; lastKnownFileType = image.png; name = "icon_home_beautyPlus@3x.png"; path = "Images/icon_home_beautyPlus@3x.png"; sourceTree = "<group>"; };
		D70EC26C1BAACFF400A1EC26 /* icon_home_camera@2x.png */ = {isa = PBXFileReference; lastKnownFileType = image.png; name = "icon_home_camera@2x.png"; path = "Images/icon_home_camera@2x.png"; sourceTree = "<group>"; };
		D70EC26D1BAACFF400A1EC26 /* icon_home_camera@3x.png */ = {isa = PBXFileReference; lastKnownFileType = image.png; name = "icon_home_camera@3x.png"; path = "Images/icon_home_camera@3x.png"; sourceTree = "<group>"; };
		D70EC26E1BAACFF400A1EC26 /* icon_home_cosmesis@2x.png */ = {isa = PBXFileReference; lastKnownFileType = image.png; name = "icon_home_cosmesis@2x.png"; path = "Images/icon_home_cosmesis@2x.png"; sourceTree = "<group>"; };
		D70EC26F1BAACFF400A1EC26 /* icon_home_cosmesis@3x.png */ = {isa = PBXFileReference; lastKnownFileType = image.png; name = "icon_home_cosmesis@3x.png"; path = "Images/icon_home_cosmesis@3x.png"; sourceTree = "<group>"; };
		D70EC2701BAACFF400A1EC26 /* icon_home_material@2x.png */ = {isa = PBXFileReference; lastKnownFileType = image.png; name = "icon_home_material@2x.png"; path = "Images/icon_home_material@2x.png"; sourceTree = "<group>"; };
		D70EC2711BAACFF400A1EC26 /* icon_home_material@3x.png */ = {isa = PBXFileReference; lastKnownFileType = image.png; name = "icon_home_material@3x.png"; path = "Images/icon_home_material@3x.png"; sourceTree = "<group>"; };
		D70EC2721BAACFF400A1EC26 /* icon_home_meipai@2x.png */ = {isa = PBXFileReference; lastKnownFileType = image.png; name = "icon_home_meipai@2x.png"; path = "Images/icon_home_meipai@2x.png"; sourceTree = "<group>"; };
		D70EC2731BAACFF400A1EC26 /* icon_home_meipai@3x.png */ = {isa = PBXFileReference; lastKnownFileType = image.png; name = "icon_home_meipai@3x.png"; path = "Images/icon_home_meipai@3x.png"; sourceTree = "<group>"; };
		D70EC2741BAACFF400A1EC26 /* icon_home_meiyan@2x.png */ = {isa = PBXFileReference; lastKnownFileType = image.png; name = "icon_home_meiyan@2x.png"; path = "Images/icon_home_meiyan@2x.png"; sourceTree = "<group>"; };
		D70EC2751BAACFF400A1EC26 /* icon_home_meiyan@3x.png */ = {isa = PBXFileReference; lastKnownFileType = image.png; name = "icon_home_meiyan@3x.png"; path = "Images/icon_home_meiyan@3x.png"; sourceTree = "<group>"; };
		D70EC2761BAACFF400A1EC26 /* icon_home_moreapp@2x.png */ = {isa = PBXFileReference; lastKnownFileType = image.png; name = "icon_home_moreapp@2x.png"; path = "Images/icon_home_moreapp@2x.png"; sourceTree = "<group>"; };
		D70EC2771BAACFF400A1EC26 /* icon_home_moreapp@3x.png */ = {isa = PBXFileReference; lastKnownFileType = image.png; name = "icon_home_moreapp@3x.png"; path = "Images/icon_home_moreapp@3x.png"; sourceTree = "<group>"; };
		D70EC2781BAACFF400A1EC26 /* icon_home_puzzle@2x.png */ = {isa = PBXFileReference; lastKnownFileType = image.png; name = "icon_home_puzzle@2x.png"; path = "Images/icon_home_puzzle@2x.png"; sourceTree = "<group>"; };
		D70EC2791BAACFF400A1EC26 /* icon_home_puzzle@3x.png */ = {isa = PBXFileReference; lastKnownFileType = image.png; name = "icon_home_puzzle@3x.png"; path = "Images/icon_home_puzzle@3x.png"; sourceTree = "<group>"; };
		D70EC27A1BAACFF400A1EC26 /* icon_home_star@2x.png */ = {isa = PBXFileReference; lastKnownFileType = image.png; name = "icon_home_star@2x.png"; path = "Images/icon_home_star@2x.png"; sourceTree = "<group>"; };
		D70EC27B1BAACFF400A1EC26 /* icon_home_star@3x.png */ = {isa = PBXFileReference; lastKnownFileType = image.png; name = "icon_home_star@3x.png"; path = "Images/icon_home_star@3x.png"; sourceTree = "<group>"; };
		D711E1971BA9740D002F04DC /* ConstantsConfig.h */ = {isa = PBXFileReference; lastKnownFileType = sourcecode.c.h; name = ConstantsConfig.h; path = Utilies/ConstantsConfig.h; sourceTree = "<group>"; };
		D71751A91BA9480A004E9291 /* bg_default_view_mt-480.jpg */ = {isa = PBXFileReference; lastKnownFileType = image.jpeg; name = "bg_default_view_mt-480.jpg"; path = "Images/bg_default_view_mt-480.jpg"; sourceTree = "<group>"; };
		D71751AA1BA9480A004E9291 /* bg_default_view_mt-568.jpg */ = {isa = PBXFileReference; lastKnownFileType = image.jpeg; name = "bg_default_view_mt-568.jpg"; path = "Images/bg_default_view_mt-568.jpg"; sourceTree = "<group>"; };
		D71751AB1BA9480A004E9291 /* bg_default_view_mt-667.jpg */ = {isa = PBXFileReference; lastKnownFileType = image.jpeg; name = "bg_default_view_mt-667.jpg"; path = "Images/bg_default_view_mt-667.jpg"; sourceTree = "<group>"; };
		D71751AC1BA9480A004E9291 /* bg_default_view_mt-736.jpg */ = {isa = PBXFileReference; lastKnownFileType = image.jpeg; name = "bg_default_view_mt-736.jpg"; path = "Images/bg_default_view_mt-736.jpg"; sourceTree = "<group>"; };
		D71751AD1BA9480A004E9291 /* bg_home_defaultRandom@2x.jpg */ = {isa = PBXFileReference; lastKnownFileType = image.jpeg; name = "bg_home_defaultRandom@2x.jpg"; path = "Images/bg_home_defaultRandom@2x.jpg"; sourceTree = "<group>"; };
		D71751AE1BA9480A004E9291 /* bg_home_defaultRandom@3x.jpg */ = {isa = PBXFileReference; lastKnownFileType = image.jpeg; name = "bg_home_defaultRandom@3x.jpg"; path = "Images/bg_home_defaultRandom@3x.jpg"; sourceTree = "<group>"; };
		D71751AF1BA9480A004E9291 /* bg_home@2x.jpg */ = {isa = PBXFileReference; lastKnownFileType = image.jpeg; name = "bg_home@2x.jpg"; path = "Images/bg_home@2x.jpg"; sourceTree = "<group>"; };
		D71751B01BA9480A004E9291 /* bg_home@3x.jpg */ = {isa = PBXFileReference; lastKnownFileType = image.jpeg; name = "bg_home@3x.jpg"; path = "Images/bg_home@3x.jpg"; sourceTree = "<group>"; };
		D71751B11BA9480A004E9291 /* icon_share_beautity@2x.png */ = {isa = PBXFileReference; lastKnownFileType = image.png; name = "icon_share_beautity@2x.png"; path = "Images/icon_share_beautity@2x.png"; sourceTree = "<group>"; };
		D71751B21BA9480A004E9291 /* icon_share_beautity@3x.png */ = {isa = PBXFileReference; lastKnownFileType = image.png; name = "icon_share_beautity@3x.png"; path = "Images/icon_share_beautity@3x.png"; sourceTree = "<group>"; };
		D71751B31BA9480A004E9291 /* icon_share_camera@2x.png */ = {isa = PBXFileReference; lastKnownFileType = image.png; name = "icon_share_camera@2x.png"; path = "Images/icon_share_camera@2x.png"; sourceTree = "<group>"; };
		D71751B41BA9480A004E9291 /* icon_share_camera@3x.png */ = {isa = PBXFileReference; lastKnownFileType = image.png; name = "icon_share_camera@3x.png"; path = "Images/icon_share_camera@3x.png"; sourceTree = "<group>"; };
		D71751B51BA9480A004E9291 /* icon_share_cosmesis@2x.png */ = {isa = PBXFileReference; lastKnownFileType = image.png; name = "icon_share_cosmesis@2x.png"; path = "Images/icon_share_cosmesis@2x.png"; sourceTree = "<group>"; };
		D71751B61BA9480A004E9291 /* icon_share_cosmesis@3x.png */ = {isa = PBXFileReference; lastKnownFileType = image.png; name = "icon_share_cosmesis@3x.png"; path = "Images/icon_share_cosmesis@3x.png"; sourceTree = "<group>"; };
		D71751B71BA9480A004E9291 /* left_arrow@2x.png */ = {isa = PBXFileReference; lastKnownFileType = image.png; name = "left_arrow@2x.png"; path = "Images/left_arrow@2x.png"; sourceTree = "<group>"; };
		D71751B81BA9480A004E9291 /* left_arrow@3x.png */ = {isa = PBXFileReference; lastKnownFileType = image.png; name = "left_arrow@3x.png"; path = "Images/left_arrow@3x.png"; sourceTree = "<group>"; };
		D71751B91BA9480A004E9291 /* right_arrow_highlight@2x.png */ = {isa = PBXFileReference; lastKnownFileType = image.png; name = "right_arrow_highlight@2x.png"; path = "Images/right_arrow_highlight@2x.png"; sourceTree = "<group>"; };
		D71751BA1BA9480A004E9291 /* right_arrow_highlight@3x.png */ = {isa = PBXFileReference; lastKnownFileType = image.png; name = "right_arrow_highlight@3x.png"; path = "Images/right_arrow_highlight@3x.png"; sourceTree = "<group>"; };
		D71751BB1BA9480A004E9291 /* right_arrow@2x.png */ = {isa = PBXFileReference; lastKnownFileType = image.png; name = "right_arrow@2x.png"; path = "Images/right_arrow@2x.png"; sourceTree = "<group>"; };
		D71751BC1BA9480A004E9291 /* right_arrow@3x.png */ = {isa = PBXFileReference; lastKnownFileType = image.png; name = "right_arrow@3x.png"; path = "Images/right_arrow@3x.png"; sourceTree = "<group>"; };
		D71751BD1BA9480A004E9291 /* setting_openAuthoried_AccessAlbum_ios7@2x.png */ = {isa = PBXFileReference; lastKnownFileType = image.png; name = "setting_openAuthoried_AccessAlbum_ios7@2x.png"; path = "Images/setting_openAuthoried_AccessAlbum_ios7@2x.png"; sourceTree = "<group>"; };
		D71751BE1BA9480A004E9291 /* setting_openAuthoried_AccessAlbum_ios7@3x.png */ = {isa = PBXFileReference; lastKnownFileType = image.png; name = "setting_openAuthoried_AccessAlbum_ios7@3x.png"; path = "Images/setting_openAuthoried_AccessAlbum_ios7@3x.png"; sourceTree = "<group>"; };
		D71751BF1BA9480A004E9291 /* setting_openAuthoried_AccessAlbum@2x.png */ = {isa = PBXFileReference; lastKnownFileType = image.png; name = "setting_openAuthoried_AccessAlbum@2x.png"; path = "Images/setting_openAuthoried_AccessAlbum@2x.png"; sourceTree = "<group>"; };
		D71E6F051BA88A2000BCC79C /* FWMeituApp.app */ = {isa = PBXFileReference; explicitFileType = wrapper.application; includeInIndex = 0; path = FWMeituApp.app; sourceTree = BUILT_PRODUCTS_DIR; };
		D71E6F091BA88A2000BCC79C /* Info.plist */ = {isa = PBXFileReference; lastKnownFileType = text.plist.xml; path = Info.plist; sourceTree = "<group>"; };
		D71E6F0A1BA88A2000BCC79C /* main.m */ = {isa = PBXFileReference; lastKnownFileType = sourcecode.c.objc; path = main.m; sourceTree = "<group>"; };
		D71E6F0C1BA88A2000BCC79C /* AppDelegate.h */ = {isa = PBXFileReference; lastKnownFileType = sourcecode.c.h; path = AppDelegate.h; sourceTree = "<group>"; };
		D71E6F0D1BA88A2000BCC79C /* AppDelegate.m */ = {isa = PBXFileReference; lastKnownFileType = sourcecode.c.objc; path = AppDelegate.m; sourceTree = "<group>"; };
		D71E6F101BA88A2000BCC79C /* FWMeituApp.xcdatamodel */ = {isa = PBXFileReference; lastKnownFileType = wrapper.xcdatamodel; path = FWMeituApp.xcdatamodel; sourceTree = "<group>"; };
		D71E6F121BA88A2000BCC79C /* ViewController.h */ = {isa = PBXFileReference; lastKnownFileType = sourcecode.c.h; path = ViewController.h; sourceTree = "<group>"; };
		D71E6F131BA88A2000BCC79C /* ViewController.m */ = {isa = PBXFileReference; lastKnownFileType = sourcecode.c.objc; path = ViewController.m; sourceTree = "<group>"; };
		D71E6F161BA88A2000BCC79C /* Base */ = {isa = PBXFileReference; lastKnownFileType = file.storyboard; name = Base; path = Base.lproj/Main.storyboard; sourceTree = "<group>"; };
		D71E6F181BA88A2000BCC79C /* Images.xcassets */ = {isa = PBXFileReference; lastKnownFileType = folder.assetcatalog; path = Images.xcassets; sourceTree = "<group>"; };
		D71E6F1B1BA88A2000BCC79C /* Base */ = {isa = PBXFileReference; lastKnownFileType = file.xib; name = Base; path = Base.lproj/LaunchScreen.xib; sourceTree = "<group>"; };
		D71E6F211BA88A2000BCC79C /* FWMeituAppTests.xctest */ = {isa = PBXFileReference; explicitFileType = wrapper.cfbundle; includeInIndex = 0; path = FWMeituAppTests.xctest; sourceTree = BUILT_PRODUCTS_DIR; };
		D71E6F261BA88A2000BCC79C /* Info.plist */ = {isa = PBXFileReference; lastKnownFileType = text.plist.xml; path = Info.plist; sourceTree = "<group>"; };
		D71E6F271BA88A2000BCC79C /* FWMeituAppTests.m */ = {isa = PBXFileReference; lastKnownFileType = sourcecode.c.objc; path = FWMeituAppTests.m; sourceTree = "<group>"; };
		D71E6F331BA88BCD00BCC79C /* AppIcon29x29.png */ = {isa = PBXFileReference; lastKnownFileType = image.png; name = AppIcon29x29.png; path = Images/AppIcon29x29.png; sourceTree = "<group>"; };
		D71E6F341BA88BCD00BCC79C /* AppIcon29x29@2x.png */ = {isa = PBXFileReference; lastKnownFileType = image.png; name = "AppIcon29x29@2x.png"; path = "Images/AppIcon29x29@2x.png"; sourceTree = "<group>"; };
		D71E6F351BA88BCD00BCC79C /* AppIcon29x29@3x.png */ = {isa = PBXFileReference; lastKnownFileType = image.png; name = "AppIcon29x29@3x.png"; path = "Images/AppIcon29x29@3x.png"; sourceTree = "<group>"; };
		D71E6F361BA88BCD00BCC79C /* AppIcon40x40@2x.png */ = {isa = PBXFileReference; lastKnownFileType = image.png; name = "AppIcon40x40@2x.png"; path = "Images/AppIcon40x40@2x.png"; sourceTree = "<group>"; };
		D71E6F371BA88BCD00BCC79C /* AppIcon40x40@3x.png */ = {isa = PBXFileReference; lastKnownFileType = image.png; name = "AppIcon40x40@3x.png"; path = "Images/AppIcon40x40@3x.png"; sourceTree = "<group>"; };
		D71E6F381BA88BCD00BCC79C /* AppIcon57x57.png */ = {isa = PBXFileReference; lastKnownFileType = image.png; name = AppIcon57x57.png; path = Images/AppIcon57x57.png; sourceTree = "<group>"; };
		D71E6F391BA88BCD00BCC79C /* AppIcon57x57@2x.png */ = {isa = PBXFileReference; lastKnownFileType = image.png; name = "AppIcon57x57@2x.png"; path = "Images/AppIcon57x57@2x.png"; sourceTree = "<group>"; };
		D71E6F3A1BA88BCD00BCC79C /* AppIcon60x60@2x.png */ = {isa = PBXFileReference; lastKnownFileType = image.png; name = "AppIcon60x60@2x.png"; path = "Images/AppIcon60x60@2x.png"; sourceTree = "<group>"; };
		D71E6F3B1BA88BCD00BCC79C /* AppIcon60x60@3x.png */ = {isa = PBXFileReference; lastKnownFileType = image.png; name = "AppIcon60x60@3x.png"; path = "Images/AppIcon60x60@3x.png"; sourceTree = "<group>"; };
		D71E6F461BA88DD400BCC79C /* LaunchImage-700-568h@2x.png */ = {isa = PBXFileReference; lastKnownFileType = image.png; name = "LaunchImage-700-568h@2x.png"; path = "Images/LaunchImage-700-568h@2x.png"; sourceTree = "<group>"; };
		D71E6F471BA88DD400BCC79C /* LaunchImage-700@2x.png */ = {isa = PBXFileReference; lastKnownFileType = image.png; name = "LaunchImage-700@2x.png"; path = "Images/LaunchImage-700@2x.png"; sourceTree = "<group>"; };
		D71E6F481BA88DD400BCC79C /* LaunchImage-800-667h@2x.png */ = {isa = PBXFileReference; lastKnownFileType = image.png; name = "LaunchImage-800-667h@2x.png"; path = "Images/LaunchImage-800-667h@2x.png"; sourceTree = "<group>"; };
		D71E6F491BA88DD400BCC79C /* LaunchImage-800-Portrait-736h@3x.png */ = {isa = PBXFileReference; lastKnownFileType = image.png; name = "LaunchImage-800-Portrait-736h@3x.png"; path = "Images/LaunchImage-800-Portrait-736h@3x.png"; sourceTree = "<group>"; };
		D7C438D71BABE9C6005317BE /* close.png */ = {isa = PBXFileReference; lastKnownFileType = image.png; name = close.png; path = Images/close.png; sourceTree = "<group>"; };
		D7C438D81BABE9C6005317BE /* icon_colours_flag@2x.png */ = {isa = PBXFileReference; lastKnownFileType = image.png; name = "icon_colours_flag@2x.png"; path = "Images/icon_colours_flag@2x.png"; sourceTree = "<group>"; };
		D7C438D91BABE9C6005317BE /* icon_colours_flag@3x.png */ = {isa = PBXFileReference; lastKnownFileType = image.png; name = "icon_colours_flag@3x.png"; path = "Images/icon_colours_flag@3x.png"; sourceTree = "<group>"; };
		D7C438DD1BABECAA005317BE /* FWTopView.h */ = {isa = PBXFileReference; fileEncoding = 4; lastKnownFileType = sourcecode.c.h; name = FWTopView.h; path = Views/FWTopView.h; sourceTree = "<group>"; };
		D7C438DE1BABECAA005317BE /* FWTopView.m */ = {isa = PBXFileReference; fileEncoding = 4; lastKnownFileType = sourcecode.c.objc; name = FWTopView.m; path = Views/FWTopView.m; sourceTree = "<group>"; };
		D7FC52E51BAB26F700275BD4 /* item_bg_purple_a@2x.png */ = {isa = PBXFileReference; lastKnownFileType = image.png; name = "item_bg_purple_a@2x.png"; path = "Images/item_bg_purple_a@2x.png"; sourceTree = "<group>"; };
/* End PBXFileReference section */

/* Begin PBXFrameworksBuildPhase section */
		D71E6F021BA88A2000BCC79C /* Frameworks */ = {
			isa = PBXFrameworksBuildPhase;
			buildActionMask = 2147483647;
			files = (
			);
			runOnlyForDeploymentPostprocessing = 0;
		};
		D71E6F1E1BA88A2000BCC79C /* Frameworks */ = {
			isa = PBXFrameworksBuildPhase;
			buildActionMask = 2147483647;
			files = (
			);
			runOnlyForDeploymentPostprocessing = 0;
		};
/* End PBXFrameworksBuildPhase section */

/* Begin PBXGroup section */
		D717519B1BA940EB004E9291 /* Models */ = {
			isa = PBXGroup;
			children = (
			);
			name = Models;
			sourceTree = "<group>";
		};
		D717519C1BA940FA004E9291 /* Views */ = {
			isa = PBXGroup;
			children = (
				D70EC2631BAACA2800A1EC26 /* FWFucView.h */,
				D70EC2641BAACA2800A1EC26 /* FWFucView.m */,
				D7C438DD1BABECAA005317BE /* FWTopView.h */,
				D7C438DE1BABECAA005317BE /* FWTopView.m */,
			);
			name = Views;
			sourceTree = "<group>";
		};
		D717519D1BA94106004E9291 /* 3rd lib */ = {
			isa = PBXGroup;
			children = (
			);
			name = "3rd lib";
			sourceTree = "<group>";
		};
		D717519E1BA94112004E9291 /* Network */ = {
			isa = PBXGroup;
			children = (
			);
			name = Network;
			sourceTree = "<group>";
		};
		D717519F1BA9411A004E9291 /* Controllers */ = {
			isa = PBXGroup;
			children = (
			);
			name = Controllers;
			sourceTree = "<group>";
		};
		D71751A01BA94126004E9291 /* Utilies */ = {
			isa = PBXGroup;
			children = (
				D711E1971BA9740D002F04DC /* ConstantsConfig.h */,
			);
			name = Utilies;
			sourceTree = "<group>";
		};
		D71751A81BA94772004E9291 /* IndexImages */ = {
			isa = PBXGroup;
			children = (
				D7C438D71BABE9C6005317BE /* close.png */,
				D7C438D81BABE9C6005317BE /* icon_colours_flag@2x.png */,
				D7C438D91BABE9C6005317BE /* icon_colours_flag@3x.png */,
				D7FC52E51BAB26F700275BD4 /* item_bg_purple_a@2x.png */,
				D70EC2661BAACFF400A1EC26 /* icon_help@2x.png */,
				D70EC2671BAACFF400A1EC26 /* icon_help@3x.png */,
				D70EC2681BAACFF400A1EC26 /* icon_home_beauty@2x.png */,
				D70EC2691BAACFF400A1EC26 /* icon_home_beauty@3x.png */,
				D70EC26A1BAACFF400A1EC26 /* icon_home_beautyPlus@2x.png */,
				D70EC26B1BAACFF400A1EC26 /* icon_home_beautyPlus@3x.png */,
				D70EC26C1BAACFF400A1EC26 /* icon_home_camera@2x.png */,
				D70EC26D1BAACFF400A1EC26 /* icon_home_camera@3x.png */,
				D70EC26E1BAACFF400A1EC26 /* icon_home_cosmesis@2x.png */,
				D70EC26F1BAACFF400A1EC26 /* icon_home_cosmesis@3x.png */,
				D70EC2701BAACFF400A1EC26 /* icon_home_material@2x.png */,
				D70EC2711BAACFF400A1EC26 /* icon_home_material@3x.png */,
				D70EC2721BAACFF400A1EC26 /* icon_home_meipai@2x.png */,
				D70EC2731BAACFF400A1EC26 /* icon_home_meipai@3x.png */,
				D70EC2741BAACFF400A1EC26 /* icon_home_meiyan@2x.png */,
				D70EC2751BAACFF400A1EC26 /* icon_home_meiyan@3x.png */,
				D70EC2761BAACFF400A1EC26 /* icon_home_moreapp@2x.png */,
				D70EC2771BAACFF400A1EC26 /* icon_home_moreapp@3x.png */,
				D70EC2781BAACFF400A1EC26 /* icon_home_puzzle@2x.png */,
				D70EC2791BAACFF400A1EC26 /* icon_home_puzzle@3x.png */,
				D70EC27A1BAACFF400A1EC26 /* icon_home_star@2x.png */,
				D70EC27B1BAACFF400A1EC26 /* icon_home_star@3x.png */,
				D70EC2251BAAC8F000A1EC26 /* bg_topview_topback_a.png */,
				D70EC2261BAAC8F000A1EC26 /* btn_home_setting_a@2x.png */,
				D70EC2271BAAC8F000A1EC26 /* btn_home_setting_a@3x.png */,
				D70EC2281BAAC8F000A1EC26 /* home_block_blue_a@2x.png */,
				D70EC2291BAAC8F000A1EC26 /* home_block_blue_a@3x.png */,
				D70EC22A1BAAC8F000A1EC26 /* home_block_frame@2x.png */,
				D70EC22B1BAAC8F000A1EC26 /* home_block_frame@3x.png */,
				D70EC22C1BAAC8F000A1EC26 /* home_block_green_a@2x.png */,
				D70EC22D1BAAC8F000A1EC26 /* home_block_green_a@3x.png */,
				D70EC22E1BAAC8F000A1EC26 /* home_block_mask@2x.png */,
				D70EC22F1BAAC8F000A1EC26 /* home_block_mask@3x.png */,
				D70EC2301BAAC8F000A1EC26 /* home_block_orange_a@2x.png */,
				D70EC2311BAAC8F000A1EC26 /* home_block_orange_a@3x.png */,
				D70EC2321BAAC8F000A1EC26 /* home_block_pink_a@2x.png */,
				D70EC2331BAAC8F000A1EC26 /* home_block_pink_a@3x.png */,
				D70EC2341BAAC8F000A1EC26 /* home_block_red_a@2x.png */,
				D70EC2351BAAC8F000A1EC26 /* home_block_red_a@3x.png */,
				D70EC2361BAAC8F000A1EC26 /* icon_app_bqgc@2x.png */,
				D70EC2371BAAC8F000A1EC26 /* icon_app_bqgc@3x.png */,
				D70EC2381BAAC8F000A1EC26 /* icon_app_hbgc@2x.png */,
				D70EC2391BAAC8F000A1EC26 /* icon_app_hbgc@3x.png */,
				D70EC23A1BAAC8F000A1EC26 /* icon_app_miniApp@2x.png */,
				D70EC23B1BAAC8F000A1EC26 /* icon_app_miniApp@3x.png */,
				D70EC23C1BAAC8F000A1EC26 /* icon_app_mt9cut@2x.png */,
				D70EC23D1BAAC8F000A1EC26 /* icon_app_mt9cut@3x.png */,
				D70EC23E1BAAC8F000A1EC26 /* icon_app_mttt@2x.png */,
				D70EC23F1BAAC8F000A1EC26 /* icon_app_mttt@3x.png */,
				D70EC2401BAAC8F000A1EC26 /* icon_app_pomelo@2x.png */,
				D70EC2411BAAC8F000A1EC26 /* icon_app_pomelo@3x.png */,
				D70EC2421BAAC8F000A1EC26 /* icon_blur_heart@2x.png */,
				D70EC2431BAAC8F000A1EC26 /* icon_blur_heart@3x.png */,
				D71751A91BA9480A004E9291 /* bg_default_view_mt-480.jpg */,
				D71751AA1BA9480A004E9291 /* bg_default_view_mt-568.jpg */,
				D71751AB1BA9480A004E9291 /* bg_default_view_mt-667.jpg */,
				D71751AC1BA9480A004E9291 /* bg_default_view_mt-736.jpg */,
				D71751AD1BA9480A004E9291 /* bg_home_defaultRandom@2x.jpg */,
				D71751AE1BA9480A004E9291 /* bg_home_defaultRandom@3x.jpg */,
				D71751AF1BA9480A004E9291 /* bg_home@2x.jpg */,
				D71751B01BA9480A004E9291 /* bg_home@3x.jpg */,
				D71751B11BA9480A004E9291 /* icon_share_beautity@2x.png */,
				D71751B21BA9480A004E9291 /* icon_share_beautity@3x.png */,
				D71751B31BA9480A004E9291 /* icon_share_camera@2x.png */,
				D71751B41BA9480A004E9291 /* icon_share_camera@3x.png */,
				D71751B51BA9480A004E9291 /* icon_share_cosmesis@2x.png */,
				D71751B61BA9480A004E9291 /* icon_share_cosmesis@3x.png */,
				D71751B71BA9480A004E9291 /* left_arrow@2x.png */,
				D71751B81BA9480A004E9291 /* left_arrow@3x.png */,
				D71751B91BA9480A004E9291 /* right_arrow_highlight@2x.png */,
				D71751BA1BA9480A004E9291 /* right_arrow_highlight@3x.png */,
				D71751BB1BA9480A004E9291 /* right_arrow@2x.png */,
				D71751BC1BA9480A004E9291 /* right_arrow@3x.png */,
				D71751BD1BA9480A004E9291 /* setting_openAuthoried_AccessAlbum_ios7@2x.png */,
				D71751BE1BA9480A004E9291 /* setting_openAuthoried_AccessAlbum_ios7@3x.png */,
				D71751BF1BA9480A004E9291 /* setting_openAuthoried_AccessAlbum@2x.png */,
			);
			name = IndexImages;
			sourceTree = "<group>";
		};
		D71E6EFC1BA88A2000BCC79C = {
			isa = PBXGroup;
			children = (
				D71E6F071BA88A2000BCC79C /* FWMeituApp */,
				D71E6F241BA88A2000BCC79C /* FWMeituAppTests */,
				D71E6F061BA88A2000BCC79C /* Products */,
			);
			sourceTree = "<group>";
		};
		D71E6F061BA88A2000BCC79C /* Products */ = {
			isa = PBXGroup;
			children = (
				D71E6F051BA88A2000BCC79C /* FWMeituApp.app */,
				D71E6F211BA88A2000BCC79C /* FWMeituAppTests.xctest */,
			);
			name = Products;
			sourceTree = "<group>";
		};
		D71E6F071BA88A2000BCC79C /* FWMeituApp */ = {
			isa = PBXGroup;
			children = (
				D71751A01BA94126004E9291 /* Utilies */,
				D717519F1BA9411A004E9291 /* Controllers */,
				D717519E1BA94112004E9291 /* Network */,
				D717519D1BA94106004E9291 /* 3rd lib */,
				D717519C1BA940FA004E9291 /* Views */,
				D717519B1BA940EB004E9291 /* Models */,
				D71E6F311BA88BAB00BCC79C /* Images */,
				D71E6F0C1BA88A2000BCC79C /* AppDelegate.h */,
				D71E6F0D1BA88A2000BCC79C /* AppDelegate.m */,
				D71E6F121BA88A2000BCC79C /* ViewController.h */,
				D71E6F131BA88A2000BCC79C /* ViewController.m */,
				D71E6F151BA88A2000BCC79C /* Main.storyboard */,
				D71E6F181BA88A2000BCC79C /* Images.xcassets */,
				D71E6F1A1BA88A2000BCC79C /* LaunchScreen.xib */,
				D71E6F0F1BA88A2000BCC79C /* FWMeituApp.xcdatamodeld */,
				D71E6F081BA88A2000BCC79C /* Supporting Files */,
			);
			path = FWMeituApp;
			sourceTree = "<group>";
		};
		D71E6F081BA88A2000BCC79C /* Supporting Files */ = {
			isa = PBXGroup;
			children = (
				D71E6F091BA88A2000BCC79C /* Info.plist */,
				D71E6F0A1BA88A2000BCC79C /* main.m */,
			);
			name = "Supporting Files";
			sourceTree = "<group>";
		};
		D71E6F241BA88A2000BCC79C /* FWMeituAppTests */ = {
			isa = PBXGroup;
			children = (
				D71E6F271BA88A2000BCC79C /* FWMeituAppTests.m */,
				D71E6F251BA88A2000BCC79C /* Supporting Files */,
			);
			path = FWMeituAppTests;
			sourceTree = "<group>";
		};
		D71E6F251BA88A2000BCC79C /* Supporting Files */ = {
			isa = PBXGroup;
			children = (
				D71E6F261BA88A2000BCC79C /* Info.plist */,
			);
			name = "Supporting Files";
			sourceTree = "<group>";
		};
		D71E6F311BA88BAB00BCC79C /* Images */ = {
			isa = PBXGroup;
			children = (
				D71751A81BA94772004E9291 /* IndexImages */,
				D71E6F451BA88D3F00BCC79C /* Launch */,
				D71E6F321BA88BBE00BCC79C /* Appicons */,
			);
			name = Images;
			sourceTree = "<group>";
		};
		D71E6F321BA88BBE00BCC79C /* Appicons */ = {
			isa = PBXGroup;
			children = (
				D71E6F331BA88BCD00BCC79C /* AppIcon29x29.png */,
				D71E6F341BA88BCD00BCC79C /* AppIcon29x29@2x.png */,
				D71E6F351BA88BCD00BCC79C /* AppIcon29x29@3x.png */,
				D71E6F361BA88BCD00BCC79C /* AppIcon40x40@2x.png */,
				D71E6F371BA88BCD00BCC79C /* AppIcon40x40@3x.png */,
				D71E6F381BA88BCD00BCC79C /* AppIcon57x57.png */,
				D71E6F391BA88BCD00BCC79C /* AppIcon57x57@2x.png */,
				D71E6F3A1BA88BCD00BCC79C /* AppIcon60x60@2x.png */,
				D71E6F3B1BA88BCD00BCC79C /* AppIcon60x60@3x.png */,
			);
			name = Appicons;
			sourceTree = "<group>";
		};
		D71E6F451BA88D3F00BCC79C /* Launch */ = {
			isa = PBXGroup;
			children = (
				D71E6F461BA88DD400BCC79C /* LaunchImage-700-568h@2x.png */,
				D71E6F471BA88DD400BCC79C /* LaunchImage-700@2x.png */,
				D71E6F481BA88DD400BCC79C /* LaunchImage-800-667h@2x.png */,
				D71E6F491BA88DD400BCC79C /* LaunchImage-800-Portrait-736h@3x.png */,
			);
			name = Launch;
			sourceTree = "<group>";
		};
/* End PBXGroup section */

/* Begin PBXNativeTarget section */
		D71E6F041BA88A2000BCC79C /* FWMeituApp */ = {
			isa = PBXNativeTarget;
			buildConfigurationList = D71E6F2B1BA88A2000BCC79C /* Build configuration list for PBXNativeTarget "FWMeituApp" */;
			buildPhases = (
				D71E6F011BA88A2000BCC79C /* Sources */,
				D71E6F021BA88A2000BCC79C /* Frameworks */,
				D71E6F031BA88A2000BCC79C /* Resources */,
			);
			buildRules = (
			);
			dependencies = (
			);
			name = FWMeituApp;
			productName = FWMeituApp;
			productReference = D71E6F051BA88A2000BCC79C /* FWMeituApp.app */;
			productType = "com.apple.product-type.application";
		};
		D71E6F201BA88A2000BCC79C /* FWMeituAppTests */ = {
			isa = PBXNativeTarget;
			buildConfigurationList = D71E6F2E1BA88A2000BCC79C /* Build configuration list for PBXNativeTarget "FWMeituAppTests" */;
			buildPhases = (
				D71E6F1D1BA88A2000BCC79C /* Sources */,
				D71E6F1E1BA88A2000BCC79C /* Frameworks */,
				D71E6F1F1BA88A2000BCC79C /* Resources */,
			);
			buildRules = (
			);
			dependencies = (
				D71E6F231BA88A2000BCC79C /* PBXTargetDependency */,
			);
			name = FWMeituAppTests;
			productName = FWMeituAppTests;
			productReference = D71E6F211BA88A2000BCC79C /* FWMeituAppTests.xctest */;
			productType = "com.apple.product-type.bundle.unit-test";
		};
/* End PBXNativeTarget section */

/* Begin PBXProject section */
		D71E6EFD1BA88A2000BCC79C /* Project object */ = {
			isa = PBXProject;
			attributes = {
				LastUpgradeCheck = 0600;
				ORGANIZATIONNAME = "ForrestWoo co,.ltd";
				TargetAttributes = {
					D71E6F041BA88A2000BCC79C = {
						CreatedOnToolsVersion = 6.0.1;
					};
					D71E6F201BA88A2000BCC79C = {
						CreatedOnToolsVersion = 6.0.1;
						TestTargetID = D71E6F041BA88A2000BCC79C;
					};
				};
			};
			buildConfigurationList = D71E6F001BA88A2000BCC79C /* Build configuration list for PBXProject "FWMeituApp" */;
			compatibilityVersion = "Xcode 3.2";
			developmentRegion = English;
			hasScannedForEncodings = 0;
			knownRegions = (
				en,
				Base,
			);
			mainGroup = D71E6EFC1BA88A2000BCC79C;
			productRefGroup = D71E6F061BA88A2000BCC79C /* Products */;
			projectDirPath = "";
			projectRoot = "";
			targets = (
				D71E6F041BA88A2000BCC79C /* FWMeituApp */,
				D71E6F201BA88A2000BCC79C /* FWMeituAppTests */,
			);
		};
/* End PBXProject section */

/* Begin PBXResourcesBuildPhase section */
		D71E6F031BA88A2000BCC79C /* Resources */ = {
			isa = PBXResourcesBuildPhase;
			buildActionMask = 2147483647;
			files = (
				D71751C21BA9480A004E9291 /* bg_default_view_mt-667.jpg in Resources */,
				D70EC25B1BAAC8F000A1EC26 /* icon_app_mt9cut@2x.png in Resources */,
				D71751C51BA9480A004E9291 /* bg_home_defaultRandom@3x.jpg in Resources */,
				D71E6F171BA88A2000BCC79C /* Main.storyboard in Resources */,
				D70EC2501BAAC8F000A1EC26 /* home_block_orange_a@3x.png in Resources */,
				D70EC24D1BAAC8F000A1EC26 /* home_block_mask@2x.png in Resources */,
				D70EC2541BAAC8F000A1EC26 /* home_block_red_a@3x.png in Resources */,
				D70EC2471BAAC8F000A1EC26 /* home_block_blue_a@2x.png in Resources */,
				D7C438DA1BABE9C6005317BE /* close.png in Resources */,
				D71751CE1BA9480A004E9291 /* left_arrow@2x.png in Resources */,
				D71751C71BA9480A004E9291 /* bg_home@3x.jpg in Resources */,
				D70EC25C1BAAC8F000A1EC26 /* icon_app_mt9cut@3x.png in Resources */,
				D7FC52E61BAB26F700275BD4 /* item_bg_purple_a@2x.png in Resources */,
				D71751CB1BA9480A004E9291 /* icon_share_camera@3x.png in Resources */,
				D70EC2881BAACFF400A1EC26 /* icon_home_meipai@2x.png in Resources */,
				D70EC2911BAACFF400A1EC26 /* icon_home_star@3x.png in Resources */,
				D70EC24E1BAAC8F000A1EC26 /* home_block_mask@3x.png in Resources */,
				D71751D51BA9480A004E9291 /* setting_openAuthoried_AccessAlbum_ios7@3x.png in Resources */,
				D71751D01BA9480A004E9291 /* right_arrow_highlight@2x.png in Resources */,
				D71751D11BA9480A004E9291 /* right_arrow_highlight@3x.png in Resources */,
				D70EC27C1BAACFF400A1EC26 /* icon_help@2x.png in Resources */,
				D70EC28D1BAACFF400A1EC26 /* icon_home_moreapp@3x.png in Resources */,
				D70EC27F1BAACFF400A1EC26 /* icon_home_beauty@3x.png in Resources */,
				D70EC2451BAAC8F000A1EC26 /* btn_home_setting_a@2x.png in Resources */,
				D70EC28F1BAACFF400A1EC26 /* icon_home_puzzle@3x.png in Resources */,
				D70EC2561BAAC8F000A1EC26 /* icon_app_bqgc@3x.png in Resources */,
				D71E6F411BA88BCD00BCC79C /* AppIcon57x57.png in Resources */,
				D70EC24A1BAAC8F000A1EC26 /* home_block_frame@3x.png in Resources */,
				D70EC25E1BAAC8F000A1EC26 /* icon_app_mttt@3x.png in Resources */,
				D71E6F3E1BA88BCD00BCC79C /* AppIcon29x29@3x.png in Resources */,
				D7C438DC1BABE9C6005317BE /* icon_colours_flag@3x.png in Resources */,
				D71E6F3F1BA88BCD00BCC79C /* AppIcon40x40@2x.png in Resources */,
				D70EC2481BAAC8F000A1EC26 /* home_block_blue_a@3x.png in Resources */,
				D70EC2551BAAC8F000A1EC26 /* icon_app_bqgc@2x.png in Resources */,
				D70EC2901BAACFF400A1EC26 /* icon_home_star@2x.png in Resources */,
				D71E6F431BA88BCD00BCC79C /* AppIcon60x60@2x.png in Resources */,
				D70EC27E1BAACFF400A1EC26 /* icon_home_beauty@2x.png in Resources */,
				D70EC28E1BAACFF400A1EC26 /* icon_home_puzzle@2x.png in Resources */,
				D70EC2851BAACFF400A1EC26 /* icon_home_cosmesis@3x.png in Resources */,
				D71E6F4B1BA88DD400BCC79C /* LaunchImage-700@2x.png in Resources */,
				D71751CC1BA9480A004E9291 /* icon_share_cosmesis@2x.png in Resources */,
				D71E6F401BA88BCD00BCC79C /* AppIcon40x40@3x.png in Resources */,
				D70EC2831BAACFF400A1EC26 /* icon_home_camera@3x.png in Resources */,
				D71751C41BA9480A004E9291 /* bg_home_defaultRandom@2x.jpg in Resources */,
				D71751CA1BA9480A004E9291 /* icon_share_camera@2x.png in Resources */,
				D70EC2821BAACFF400A1EC26 /* icon_home_camera@2x.png in Resources */,
				D71751D61BA9480A004E9291 /* setting_openAuthoried_AccessAlbum@2x.png in Resources */,
				D70EC2871BAACFF400A1EC26 /* icon_home_material@3x.png in Resources */,
				D71E6F3D1BA88BCD00BCC79C /* AppIcon29x29@2x.png in Resources */,
				D70EC25A1BAAC8F000A1EC26 /* icon_app_miniApp@3x.png in Resources */,
				D71751C31BA9480A004E9291 /* bg_default_view_mt-736.jpg in Resources */,
				D70EC2621BAAC8F000A1EC26 /* icon_blur_heart@3x.png in Resources */,
				D70EC24B1BAAC8F000A1EC26 /* home_block_green_a@2x.png in Resources */,
				D71E6F441BA88BCD00BCC79C /* AppIcon60x60@3x.png in Resources */,
				D70EC24F1BAAC8F000A1EC26 /* home_block_orange_a@2x.png in Resources */,
				D70EC2441BAAC8F000A1EC26 /* bg_topview_topback_a.png in Resources */,
				D70EC2861BAACFF400A1EC26 /* icon_home_material@2x.png in Resources */,
				D70EC25F1BAAC8F000A1EC26 /* icon_app_pomelo@2x.png in Resources */,
				D71E6F421BA88BCD00BCC79C /* AppIcon57x57@2x.png in Resources */,
				D70EC2611BAAC8F000A1EC26 /* icon_blur_heart@2x.png in Resources */,
				D70EC2591BAAC8F000A1EC26 /* icon_app_miniApp@2x.png in Resources */,
				D71751C81BA9480A004E9291 /* icon_share_beautity@2x.png in Resources */,
				D71751D41BA9480A004E9291 /* setting_openAuthoried_AccessAlbum_ios7@2x.png in Resources */,
				D70EC27D1BAACFF400A1EC26 /* icon_help@3x.png in Resources */,
				D70EC2461BAAC8F000A1EC26 /* btn_home_setting_a@3x.png in Resources */,
				D71751D21BA9480A004E9291 /* right_arrow@2x.png in Resources */,
				D70EC2511BAAC8F000A1EC26 /* home_block_pink_a@2x.png in Resources */,
				D71751C91BA9480A004E9291 /* icon_share_beautity@3x.png in Resources */,
				D7C438DB1BABE9C6005317BE /* icon_colours_flag@2x.png in Resources */,
				D70EC24C1BAAC8F000A1EC26 /* home_block_green_a@3x.png in Resources */,
				D71751C01BA9480A004E9291 /* bg_default_view_mt-480.jpg in Resources */,
				D70EC2601BAAC8F000A1EC26 /* icon_app_pomelo@3x.png in Resources */,
				D70EC25D1BAAC8F000A1EC26 /* icon_app_mttt@2x.png in Resources */,
				D70EC28C1BAACFF400A1EC26 /* icon_home_moreapp@2x.png in Resources */,
				D70EC2531BAAC8F000A1EC26 /* home_block_red_a@2x.png in Resources */,
				D71751C61BA9480A004E9291 /* bg_home@2x.jpg in Resources */,
				D70EC28B1BAACFF400A1EC26 /* icon_home_meiyan@3x.png in Resources */,
				D71E6F4C1BA88DD400BCC79C /* LaunchImage-800-667h@2x.png in Resources */,
				D71751CD1BA9480A004E9291 /* icon_share_cosmesis@3x.png in Resources */,
				D70EC2801BAACFF400A1EC26 /* icon_home_beautyPlus@2x.png in Resources */,
				D71751CF1BA9480A004E9291 /* left_arrow@3x.png in Resources */,
				D70EC2491BAAC8F000A1EC26 /* home_block_frame@2x.png in Resources */,
				D71E6F1C1BA88A2000BCC79C /* LaunchScreen.xib in Resources */,
				D71E6F4D1BA88DD400BCC79C /* LaunchImage-800-Portrait-736h@3x.png in Resources */,
				D70EC2571BAAC8F000A1EC26 /* icon_app_hbgc@2x.png in Resources */,
				D70EC2891BAACFF400A1EC26 /* icon_home_meipai@3x.png in Resources */,
				D71E6F4A1BA88DD400BCC79C /* LaunchImage-700-568h@2x.png in Resources */,
				D70EC2841BAACFF400A1EC26 /* icon_home_cosmesis@2x.png in Resources */,
				D70EC2521BAAC8F000A1EC26 /* home_block_pink_a@3x.png in Resources */,
				D71751C11BA9480A004E9291 /* bg_default_view_mt-568.jpg in Resources */,
				D71751D31BA9480A004E9291 /* right_arrow@3x.png in Resources */,
				D71E6F191BA88A2000BCC79C /* Images.xcassets in Resources */,
				D70EC2581BAAC8F000A1EC26 /* icon_app_hbgc@3x.png in Resources */,
				D70EC28A1BAACFF400A1EC26 /* icon_home_meiyan@2x.png in Resources */,
				D71E6F3C1BA88BCD00BCC79C /* AppIcon29x29.png in Resources */,
				D70EC2811BAACFF400A1EC26 /* icon_home_beautyPlus@3x.png in Resources */,
			);
			runOnlyForDeploymentPostprocessing = 0;
		};
		D71E6F1F1BA88A2000BCC79C /* Resources */ = {
			isa = PBXResourcesBuildPhase;
			buildActionMask = 2147483647;
			files = (
			);
			runOnlyForDeploymentPostprocessing = 0;
		};
/* End PBXResourcesBuildPhase section */

/* Begin PBXSourcesBuildPhase section */
		D71E6F011BA88A2000BCC79C /* Sources */ = {
			isa = PBXSourcesBuildPhase;
			buildActionMask = 2147483647;
			files = (
				D71E6F0E1BA88A2000BCC79C /* AppDelegate.m in Sources */,
				D7C438DF1BABECAA005317BE /* FWTopView.m in Sources */,
				D71E6F111BA88A2000BCC79C /* FWMeituApp.xcdatamodeld in Sources */,
				D70EC2651BAACA2800A1EC26 /* FWFucView.m in Sources */,
				D71E6F141BA88A2000BCC79C /* ViewController.m in Sources */,
				D71E6F0B1BA88A2000BCC79C /* main.m in Sources */,
			);
			runOnlyForDeploymentPostprocessing = 0;
		};
		D71E6F1D1BA88A2000BCC79C /* Sources */ = {
			isa = PBXSourcesBuildPhase;
			buildActionMask = 2147483647;
			files = (
				D71E6F281BA88A2000BCC79C /* FWMeituAppTests.m in Sources */,
			);
			runOnlyForDeploymentPostprocessing = 0;
		};
/* End PBXSourcesBuildPhase section */

/* Begin PBXTargetDependency section */
		D71E6F231BA88A2000BCC79C /* PBXTargetDependency */ = {
			isa = PBXTargetDependency;
			target = D71E6F041BA88A2000BCC79C /* FWMeituApp */;
			targetProxy = D71E6F221BA88A2000BCC79C /* PBXContainerItemProxy */;
		};
/* End PBXTargetDependency section */

/* Begin PBXVariantGroup section */
		D71E6F151BA88A2000BCC79C /* Main.storyboard */ = {
			isa = PBXVariantGroup;
			children = (
				D71E6F161BA88A2000BCC79C /* Base */,
			);
			name = Main.storyboard;
			sourceTree = "<group>";
		};
		D71E6F1A1BA88A2000BCC79C /* LaunchScreen.xib */ = {
			isa = PBXVariantGroup;
			children = (
				D71E6F1B1BA88A2000BCC79C /* Base */,
			);
			name = LaunchScreen.xib;
			sourceTree = "<group>";
		};
/* End PBXVariantGroup section */

/* Begin XCBuildConfiguration section */
		D71E6F291BA88A2000BCC79C /* Debug */ = {
			isa = XCBuildConfiguration;
			buildSettings = {
				ALWAYS_SEARCH_USER_PATHS = NO;
				CLANG_CXX_LANGUAGE_STANDARD = "gnu++0x";
				CLANG_CXX_LIBRARY = "libc++";
				CLANG_ENABLE_MODULES = YES;
				CLANG_ENABLE_OBJC_ARC = YES;
				CLANG_WARN_BOOL_CONVERSION = YES;
				CLANG_WARN_CONSTANT_CONVERSION = YES;
				CLANG_WARN_DIRECT_OBJC_ISA_USAGE = YES_ERROR;
				CLANG_WARN_EMPTY_BODY = YES;
				CLANG_WARN_ENUM_CONVERSION = YES;
				CLANG_WARN_INT_CONVERSION = YES;
				CLANG_WARN_OBJC_ROOT_CLASS = YES_ERROR;
				CLANG_WARN_UNREACHABLE_CODE = YES;
				CLANG_WARN__DUPLICATE_METHOD_MATCH = YES;
				"CODE_SIGN_IDENTITY[sdk=iphoneos*]" = "iPhone Developer";
				COPY_PHASE_STRIP = NO;
				ENABLE_STRICT_OBJC_MSGSEND = YES;
				GCC_C_LANGUAGE_STANDARD = gnu99;
				GCC_DYNAMIC_NO_PIC = NO;
				GCC_OPTIMIZATION_LEVEL = 0;
				GCC_PREPROCESSOR_DEFINITIONS = (
					"DEBUG=1",
					"$(inherited)",
				);
				GCC_SYMBOLS_PRIVATE_EXTERN = NO;
				GCC_WARN_64_TO_32_BIT_CONVERSION = YES;
				GCC_WARN_ABOUT_RETURN_TYPE = YES_ERROR;
				GCC_WARN_UNDECLARED_SELECTOR = YES;
				GCC_WARN_UNINITIALIZED_AUTOS = YES_AGGRESSIVE;
				GCC_WARN_UNUSED_FUNCTION = YES;
				GCC_WARN_UNUSED_VARIABLE = YES;
				IPHONEOS_DEPLOYMENT_TARGET = 8.0;
				MTL_ENABLE_DEBUG_INFO = YES;
				ONLY_ACTIVE_ARCH = YES;
				SDKROOT = iphoneos;
				TARGETED_DEVICE_FAMILY = "1,2";
			};
			name = Debug;
		};
		D71E6F2A1BA88A2000BCC79C /* Release */ = {
			isa = XCBuildConfiguration;
			buildSettings = {
				ALWAYS_SEARCH_USER_PATHS = NO;
				CLANG_CXX_LANGUAGE_STANDARD = "gnu++0x";
				CLANG_CXX_LIBRARY = "libc++";
				CLANG_ENABLE_MODULES = YES;
				CLANG_ENABLE_OBJC_ARC = YES;
				CLANG_WARN_BOOL_CONVERSION = YES;
				CLANG_WARN_CONSTANT_CONVERSION = YES;
				CLANG_WARN_DIRECT_OBJC_ISA_USAGE = YES_ERROR;
				CLANG_WARN_EMPTY_BODY = YES;
				CLANG_WARN_ENUM_CONVERSION = YES;
				CLANG_WARN_INT_CONVERSION = YES;
				CLANG_WARN_OBJC_ROOT_CLASS = YES_ERROR;
				CLANG_WARN_UNREACHABLE_CODE = YES;
				CLANG_WARN__DUPLICATE_METHOD_MATCH = YES;
				"CODE_SIGN_IDENTITY[sdk=iphoneos*]" = "iPhone Developer";
				COPY_PHASE_STRIP = YES;
				ENABLE_NS_ASSERTIONS = NO;
				ENABLE_STRICT_OBJC_MSGSEND = YES;
				GCC_C_LANGUAGE_STANDARD = gnu99;
				GCC_WARN_64_TO_32_BIT_CONVERSION = YES;
				GCC_WARN_ABOUT_RETURN_TYPE = YES_ERROR;
				GCC_WARN_UNDECLARED_SELECTOR = YES;
				GCC_WARN_UNINITIALIZED_AUTOS = YES_AGGRESSIVE;
				GCC_WARN_UNUSED_FUNCTION = YES;
				GCC_WARN_UNUSED_VARIABLE = YES;
				IPHONEOS_DEPLOYMENT_TARGET = 8.0;
				MTL_ENABLE_DEBUG_INFO = NO;
				SDKROOT = iphoneos;
				TARGETED_DEVICE_FAMILY = "1,2";
				VALIDATE_PRODUCT = YES;
			};
			name = Release;
		};
		D71E6F2C1BA88A2000BCC79C /* Debug */ = {
			isa = XCBuildConfiguration;
			buildSettings = {
				ASSETCATALOG_COMPILER_APPICON_NAME = AppIcon;
				INFOPLIST_FILE = FWMeituApp/Info.plist;
				LD_RUNPATH_SEARCH_PATHS = "$(inherited) @executable_path/Frameworks";
				PRODUCT_NAME = "$(TARGET_NAME)";
			};
			name = Debug;
		};
		D71E6F2D1BA88A2000BCC79C /* Release */ = {
			isa = XCBuildConfiguration;
			buildSettings = {
				ASSETCATALOG_COMPILER_APPICON_NAME = AppIcon;
				INFOPLIST_FILE = FWMeituApp/Info.plist;
				LD_RUNPATH_SEARCH_PATHS = "$(inherited) @executable_path/Frameworks";
				PRODUCT_NAME = "$(TARGET_NAME)";
			};
			name = Release;
		};
		D71E6F2F1BA88A2000BCC79C /* Debug */ = {
			isa = XCBuildConfiguration;
			buildSettings = {
				BUNDLE_LOADER = "$(TEST_HOST)";
				FRAMEWORK_SEARCH_PATHS = (
					"$(SDKROOT)/Developer/Library/Frameworks",
					"$(inherited)",
				);
				GCC_PREPROCESSOR_DEFINITIONS = (
					"DEBUG=1",
					"$(inherited)",
				);
				INFOPLIST_FILE = FWMeituAppTests/Info.plist;
				LD_RUNPATH_SEARCH_PATHS = "$(inherited) @executable_path/Frameworks @loader_path/Frameworks";
				PRODUCT_NAME = "$(TARGET_NAME)";
				TEST_HOST = "$(BUILT_PRODUCTS_DIR)/FWMeituApp.app/FWMeituApp";
			};
			name = Debug;
		};
		D71E6F301BA88A2000BCC79C /* Release */ = {
			isa = XCBuildConfiguration;
			buildSettings = {
				BUNDLE_LOADER = "$(TEST_HOST)";
				FRAMEWORK_SEARCH_PATHS = (
					"$(SDKROOT)/Developer/Library/Frameworks",
					"$(inherited)",
				);
				INFOPLIST_FILE = FWMeituAppTests/Info.plist;
				LD_RUNPATH_SEARCH_PATHS = "$(inherited) @executable_path/Frameworks @loader_path/Frameworks";
				PRODUCT_NAME = "$(TARGET_NAME)";
				TEST_HOST = "$(BUILT_PRODUCTS_DIR)/FWMeituApp.app/FWMeituApp";
			};
			name = Release;
		};
/* End XCBuildConfiguration section */

/* Begin XCConfigurationList section */
		D71E6F001BA88A2000BCC79C /* Build configuration list for PBXProject "FWMeituApp" */ = {
			isa = XCConfigurationList;
			buildConfigurations = (
				D71E6F291BA88A2000BCC79C /* Debug */,
				D71E6F2A1BA88A2000BCC79C /* Release */,
			);
			defaultConfigurationIsVisible = 0;
			defaultConfigurationName = Release;
		};
		D71E6F2B1BA88A2000BCC79C /* Build configuration list for PBXNativeTarget "FWMeituApp" */ = {
			isa = XCConfigurationList;
			buildConfigurations = (
				D71E6F2C1BA88A2000BCC79C /* Debug */,
				D71E6F2D1BA88A2000BCC79C /* Release */,
			);
			defaultConfigurationIsVisible = 0;
			defaultConfigurationName = Release;
		};
		D71E6F2E1BA88A2000BCC79C /* Build configuration list for PBXNativeTarget "FWMeituAppTests" */ = {
			isa = XCConfigurationList;
			buildConfigurations = (
				D71E6F2F1BA88A2000BCC79C /* Debug */,
				D71E6F301BA88A2000BCC79C /* Release */,
			);
			defaultConfigurationIsVisible = 0;
			defaultConfigurationName = Release;
		};
/* End XCConfigurationList section */

/* Begin XCVersionGroup section */
		D71E6F0F1BA88A2000BCC79C /* FWMeituApp.xcdatamodeld */ = {
			isa = XCVersionGroup;
			children = (
				D71E6F101BA88A2000BCC79C /* FWMeituApp.xcdatamodel */,
			);
			currentVersion = D71E6F101BA88A2000BCC79C /* FWMeituApp.xcdatamodel */;
			path = FWMeituApp.xcdatamodeld;
			sourceTree = "<group>";
			versionGroupType = wrapper.xcdatamodel;
		};
/* End XCVersionGroup section */
	};
	rootObject = D71E6EFD1BA88A2000BCC79C /* Project object */;
}
